// !$*UTF8*$!
{
	archiveVersion = 1;
	classes = {
	};
	objectVersion = 46;
	objects = {

/* Begin PBXBuildFile section */
		7317E0B01D9E7F3C007A3031 /* AppDelegate.swift in Sources */ = {isa = PBXBuildFile; fileRef = 7317E0AF1D9E7F3C007A3031 /* AppDelegate.swift */; };
		7317E0B51D9E7F3C007A3031 /* Main.storyboard in Resources */ = {isa = PBXBuildFile; fileRef = 7317E0B31D9E7F3C007A3031 /* Main.storyboard */; };
		7317E0B71D9E7F3C007A3031 /* Assets.xcassets in Resources */ = {isa = PBXBuildFile; fileRef = 7317E0B61D9E7F3C007A3031 /* Assets.xcassets */; };
		7317E0BA1D9E7F3C007A3031 /* LaunchScreen.storyboard in Resources */ = {isa = PBXBuildFile; fileRef = 7317E0B81D9E7F3C007A3031 /* LaunchScreen.storyboard */; };
		7317E0C51D9E7F3D007A3031 /* playFootBallTests.swift in Sources */ = {isa = PBXBuildFile; fileRef = 7317E0C41D9E7F3D007A3031 /* playFootBallTests.swift */; };
		7317E0D01D9E7F3D007A3031 /* playFootBallUITests.swift in Sources */ = {isa = PBXBuildFile; fileRef = 7317E0CF1D9E7F3D007A3031 /* playFootBallUITests.swift */; };
		7317E0DE1D9E8A08007A3031 /* footBallFieldVC.swift in Sources */ = {isa = PBXBuildFile; fileRef = 7317E0DD1D9E8A08007A3031 /* footBallFieldVC.swift */; };
		732160351DA6674C003DFDAC /* footballPlayerVC.swift in Sources */ = {isa = PBXBuildFile; fileRef = 732160341DA6674C003DFDAC /* footballPlayerVC.swift */; };
		73257FD41DA50D4600FFE163 /* UIViewAnimationWithTableViewVC.swift in Sources */ = {isa = PBXBuildFile; fileRef = 73257FD31DA50D4600FFE163 /* UIViewAnimationWithTableViewVC.swift */; };
		73257FD61DA50DC800FFE163 /* UIViewAnimationTableCell.swift in Sources */ = {isa = PBXBuildFile; fileRef = 73257FD51DA50DC800FFE163 /* UIViewAnimationTableCell.swift */; };
		7337759A1DA78199000E583A /* footBallPlayerTabelCell.swift in Sources */ = {isa = PBXBuildFile; fileRef = 733775991DA78199000E583A /* footBallPlayerTabelCell.swift */; };
		73D1A5231DA3C1CD00F90045 /* headerViewController.swift in Sources */ = {isa = PBXBuildFile; fileRef = 73D1A5221DA3C1CD00F90045 /* headerViewController.swift */; };
/* End PBXBuildFile section */

/* Begin PBXContainerItemProxy section */
		7317E0C11D9E7F3D007A3031 /* PBXContainerItemProxy */ = {
			isa = PBXContainerItemProxy;
			containerPortal = 7317E0A41D9E7F3C007A3031 /* Project object */;
			proxyType = 1;
			remoteGlobalIDString = 7317E0AB1D9E7F3C007A3031;
			remoteInfo = playFootBall;
		};
		7317E0CC1D9E7F3D007A3031 /* PBXContainerItemProxy */ = {
			isa = PBXContainerItemProxy;
			containerPortal = 7317E0A41D9E7F3C007A3031 /* Project object */;
			proxyType = 1;
			remoteGlobalIDString = 7317E0AB1D9E7F3C007A3031;
			remoteInfo = playFootBall;
		};
/* End PBXContainerItemProxy section */

/* Begin PBXFileReference section */
		7317E0AC1D9E7F3C007A3031 /* playFootBall.app */ = {isa = PBXFileReference; explicitFileType = wrapper.application; includeInIndex = 0; path = playFootBall.app; sourceTree = BUILT_PRODUCTS_DIR; };
		7317E0AF1D9E7F3C007A3031 /* AppDelegate.swift */ = {isa = PBXFileReference; lastKnownFileType = sourcecode.swift; path = AppDelegate.swift; sourceTree = "<group>"; };
		7317E0B41D9E7F3C007A3031 /* Base */ = {isa = PBXFileReference; lastKnownFileType = file.storyboard; name = Base; path = Base.lproj/Main.storyboard; sourceTree = "<group>"; };
		7317E0B61D9E7F3C007A3031 /* Assets.xcassets */ = {isa = PBXFileReference; lastKnownFileType = folder.assetcatalog; path = Assets.xcassets; sourceTree = "<group>"; };
		7317E0B91D9E7F3C007A3031 /* Base */ = {isa = PBXFileReference; lastKnownFileType = file.storyboard; name = Base; path = Base.lproj/LaunchScreen.storyboard; sourceTree = "<group>"; };
		7317E0BB1D9E7F3C007A3031 /* Info.plist */ = {isa = PBXFileReference; lastKnownFileType = text.plist.xml; path = Info.plist; sourceTree = "<group>"; };
		7317E0C01D9E7F3D007A3031 /* playFootBallTests.xctest */ = {isa = PBXFileReference; explicitFileType = wrapper.cfbundle; includeInIndex = 0; path = playFootBallTests.xctest; sourceTree = BUILT_PRODUCTS_DIR; };
		7317E0C41D9E7F3D007A3031 /* playFootBallTests.swift */ = {isa = PBXFileReference; lastKnownFileType = sourcecode.swift; path = playFootBallTests.swift; sourceTree = "<group>"; };
		7317E0C61D9E7F3D007A3031 /* Info.plist */ = {isa = PBXFileReference; lastKnownFileType = text.plist.xml; path = Info.plist; sourceTree = "<group>"; };
		7317E0CB1D9E7F3D007A3031 /* playFootBallUITests.xctest */ = {isa = PBXFileReference; explicitFileType = wrapper.cfbundle; includeInIndex = 0; path = playFootBallUITests.xctest; sourceTree = BUILT_PRODUCTS_DIR; };
		7317E0CF1D9E7F3D007A3031 /* playFootBallUITests.swift */ = {isa = PBXFileReference; lastKnownFileType = sourcecode.swift; path = playFootBallUITests.swift; sourceTree = "<group>"; };
		7317E0D11D9E7F3D007A3031 /* Info.plist */ = {isa = PBXFileReference; lastKnownFileType = text.plist.xml; path = Info.plist; sourceTree = "<group>"; };
		7317E0DD1D9E8A08007A3031 /* footBallFieldVC.swift */ = {isa = PBXFileReference; fileEncoding = 4; lastKnownFileType = sourcecode.swift; path = footBallFieldVC.swift; sourceTree = "<group>"; };
		732160341DA6674C003DFDAC /* footballPlayerVC.swift */ = {isa = PBXFileReference; fileEncoding = 4; lastKnownFileType = sourcecode.swift; path = footballPlayerVC.swift; sourceTree = "<group>"; };
		73257FD31DA50D4600FFE163 /* UIViewAnimationWithTableViewVC.swift */ = {isa = PBXFileReference; fileEncoding = 4; lastKnownFileType = sourcecode.swift; path = UIViewAnimationWithTableViewVC.swift; sourceTree = "<group>"; };
		73257FD51DA50DC800FFE163 /* UIViewAnimationTableCell.swift */ = {isa = PBXFileReference; fileEncoding = 4; lastKnownFileType = sourcecode.swift; path = UIViewAnimationTableCell.swift; sourceTree = "<group>"; };
		733775991DA78199000E583A /* footBallPlayerTabelCell.swift */ = {isa = PBXFileReference; fileEncoding = 4; lastKnownFileType = sourcecode.swift; path = footBallPlayerTabelCell.swift; sourceTree = "<group>"; };
		73D1A5221DA3C1CD00F90045 /* headerViewController.swift */ = {isa = PBXFileReference; fileEncoding = 4; lastKnownFileType = sourcecode.swift; path = headerViewController.swift; sourceTree = "<group>"; };
/* End PBXFileReference section */

/* Begin PBXFrameworksBuildPhase section */
		7317E0A91D9E7F3C007A3031 /* Frameworks */ = {
			isa = PBXFrameworksBuildPhase;
			buildActionMask = 2147483647;
			files = (
			);
			runOnlyForDeploymentPostprocessing = 0;
		};
		7317E0BD1D9E7F3D007A3031 /* Frameworks */ = {
			isa = PBXFrameworksBuildPhase;
			buildActionMask = 2147483647;
			files = (
			);
			runOnlyForDeploymentPostprocessing = 0;
		};
		7317E0C81D9E7F3D007A3031 /* Frameworks */ = {
			isa = PBXFrameworksBuildPhase;
			buildActionMask = 2147483647;
			files = (
			);
			runOnlyForDeploymentPostprocessing = 0;
		};
/* End PBXFrameworksBuildPhase section */

/* Begin PBXGroup section */
		7317E0A31D9E7F3C007A3031 = {
			isa = PBXGroup;
			children = (
				7317E0AE1D9E7F3C007A3031 /* playFootBall */,
				7317E0C31D9E7F3D007A3031 /* playFootBallTests */,
				7317E0CE1D9E7F3D007A3031 /* playFootBallUITests */,
				7317E0AD1D9E7F3C007A3031 /* Products */,
			);
			sourceTree = "<group>";
		};
		7317E0AD1D9E7F3C007A3031 /* Products */ = {
			isa = PBXGroup;
			children = (
				7317E0AC1D9E7F3C007A3031 /* playFootBall.app */,
				7317E0C01D9E7F3D007A3031 /* playFootBallTests.xctest */,
				7317E0CB1D9E7F3D007A3031 /* playFootBallUITests.xctest */,
			);
			name = Products;
			sourceTree = "<group>";
		};
		7317E0AE1D9E7F3C007A3031 /* playFootBall */ = {
			isa = PBXGroup;
			children = (
				7317E0AF1D9E7F3C007A3031 /* AppDelegate.swift */,
				7317E0DD1D9E8A08007A3031 /* footBallFieldVC.swift */,
				73D1A5221DA3C1CD00F90045 /* headerViewController.swift */,
				73257FD31DA50D4600FFE163 /* UIViewAnimationWithTableViewVC.swift */,
				732160341DA6674C003DFDAC /* footballPlayerVC.swift */,
				7317E0B31D9E7F3C007A3031 /* Main.storyboard */,
				7317E0B61D9E7F3C007A3031 /* Assets.xcassets */,
				7317E0B81D9E7F3C007A3031 /* LaunchScreen.storyboard */,
				73257FD51DA50DC800FFE163 /* UIViewAnimationTableCell.swift */,
				733775991DA78199000E583A /* footBallPlayerTabelCell.swift */,
				7317E0BB1D9E7F3C007A3031 /* Info.plist */,
			);
			path = playFootBall;
			sourceTree = "<group>";
		};
		7317E0C31D9E7F3D007A3031 /* playFootBallTests */ = {
			isa = PBXGroup;
			children = (
				7317E0C41D9E7F3D007A3031 /* playFootBallTests.swift */,
				7317E0C61D9E7F3D007A3031 /* Info.plist */,
			);
			path = playFootBallTests;
			sourceTree = "<group>";
		};
		7317E0CE1D9E7F3D007A3031 /* playFootBallUITests */ = {
			isa = PBXGroup;
			children = (
				7317E0CF1D9E7F3D007A3031 /* playFootBallUITests.swift */,
				7317E0D11D9E7F3D007A3031 /* Info.plist */,
			);
			path = playFootBallUITests;
			sourceTree = "<group>";
		};
/* End PBXGroup section */

/* Begin PBXNativeTarget section */
		7317E0AB1D9E7F3C007A3031 /* playFootBall */ = {
			isa = PBXNativeTarget;
			buildConfigurationList = 7317E0D41D9E7F3D007A3031 /* Build configuration list for PBXNativeTarget "playFootBall" */;
			buildPhases = (
				7317E0A81D9E7F3C007A3031 /* Sources */,
				7317E0A91D9E7F3C007A3031 /* Frameworks */,
				7317E0AA1D9E7F3C007A3031 /* Resources */,
			);
			buildRules = (
			);
			dependencies = (
			);
			name = playFootBall;
			productName = playFootBall;
			productReference = 7317E0AC1D9E7F3C007A3031 /* playFootBall.app */;
			productType = "com.apple.product-type.application";
		};
		7317E0BF1D9E7F3D007A3031 /* playFootBallTests */ = {
			isa = PBXNativeTarget;
			buildConfigurationList = 7317E0D71D9E7F3D007A3031 /* Build configuration list for PBXNativeTarget "playFootBallTests" */;
			buildPhases = (
				7317E0BC1D9E7F3D007A3031 /* Sources */,
				7317E0BD1D9E7F3D007A3031 /* Frameworks */,
				7317E0BE1D9E7F3D007A3031 /* Resources */,
			);
			buildRules = (
			);
			dependencies = (
				7317E0C21D9E7F3D007A3031 /* PBXTargetDependency */,
			);
			name = playFootBallTests;
			productName = playFootBallTests;
			productReference = 7317E0C01D9E7F3D007A3031 /* playFootBallTests.xctest */;
			productType = "com.apple.product-type.bundle.unit-test";
		};
		7317E0CA1D9E7F3D007A3031 /* playFootBallUITests */ = {
			isa = PBXNativeTarget;
			buildConfigurationList = 7317E0DA1D9E7F3D007A3031 /* Build configuration list for PBXNativeTarget "playFootBallUITests" */;
			buildPhases = (
				7317E0C71D9E7F3D007A3031 /* Sources */,
				7317E0C81D9E7F3D007A3031 /* Frameworks */,
				7317E0C91D9E7F3D007A3031 /* Resources */,
			);
			buildRules = (
			);
			dependencies = (
				7317E0CD1D9E7F3D007A3031 /* PBXTargetDependency */,
			);
			name = playFootBallUITests;
			productName = playFootBallUITests;
			productReference = 7317E0CB1D9E7F3D007A3031 /* playFootBallUITests.xctest */;
			productType = "com.apple.product-type.bundle.ui-testing";
		};
/* End PBXNativeTarget section */

/* Begin PBXProject section */
		7317E0A41D9E7F3C007A3031 /* Project object */ = {
			isa = PBXProject;
			attributes = {
				LastSwiftUpdateCheck = 0800;
				LastUpgradeCheck = 0800;
				ORGANIZATIONNAME = "Kloudrac s/w";
				TargetAttributes = {
					7317E0AB1D9E7F3C007A3031 = {
						CreatedOnToolsVersion = 8.0;
						DevelopmentTeam = 47RFJH396J;
						ProvisioningStyle = Automatic;
					};
					7317E0BF1D9E7F3D007A3031 = {
						CreatedOnToolsVersion = 8.0;
						DevelopmentTeam = 47RFJH396J;
						ProvisioningStyle = Automatic;
						TestTargetID = 7317E0AB1D9E7F3C007A3031;
					};
					7317E0CA1D9E7F3D007A3031 = {
						CreatedOnToolsVersion = 8.0;
						DevelopmentTeam = 47RFJH396J;
						ProvisioningStyle = Automatic;
						TestTargetID = 7317E0AB1D9E7F3C007A3031;
					};
				};
			};
			buildConfigurationList = 7317E0A71D9E7F3C007A3031 /* Build configuration list for PBXProject "playFootBall" */;
			compatibilityVersion = "Xcode 3.2";
			developmentRegion = English;
			hasScannedForEncodings = 0;
			knownRegions = (
				en,
				Base,
			);
			mainGroup = 7317E0A31D9E7F3C007A3031;
			productRefGroup = 7317E0AD1D9E7F3C007A3031 /* Products */;
			projectDirPath = "";
			projectRoot = "";
			targets = (
				7317E0AB1D9E7F3C007A3031 /* playFootBall */,
				7317E0BF1D9E7F3D007A3031 /* playFootBallTests */,
				7317E0CA1D9E7F3D007A3031 /* playFootBallUITests */,
			);
		};
/* End PBXProject section */

/* Begin PBXResourcesBuildPhase section */
		7317E0AA1D9E7F3C007A3031 /* Resources */ = {
			isa = PBXResourcesBuildPhase;
			buildActionMask = 2147483647;
			files = (
				7317E0BA1D9E7F3C007A3031 /* LaunchScreen.storyboard in Resources */,
				7317E0B71D9E7F3C007A3031 /* Assets.xcassets in Resources */,
				7317E0B51D9E7F3C007A3031 /* Main.storyboard in Resources */,
			);
			runOnlyForDeploymentPostprocessing = 0;
		};
		7317E0BE1D9E7F3D007A3031 /* Resources */ = {
			isa = PBXResourcesBuildPhase;
			buildActionMask = 2147483647;
			files = (
			);
			runOnlyForDeploymentPostprocessing = 0;
		};
		7317E0C91D9E7F3D007A3031 /* Resources */ = {
			isa = PBXResourcesBuildPhase;
			buildActionMask = 2147483647;
			files = (
			);
			runOnlyForDeploymentPostprocessing = 0;
		};
/* End PBXResourcesBuildPhase section */

/* Begin PBXSourcesBuildPhase section */
		7317E0A81D9E7F3C007A3031 /* Sources */ = {
			isa = PBXSourcesBuildPhase;
			buildActionMask = 2147483647;
			files = (
				7317E0DE1D9E8A08007A3031 /* footBallFieldVC.swift in Sources */,
				73D1A5231DA3C1CD00F90045 /* headerViewController.swift in Sources */,
				7337759A1DA78199000E583A /* footBallPlayerTabelCell.swift in Sources */,
				732160351DA6674C003DFDAC /* footballPlayerVC.swift in Sources */,
				73257FD61DA50DC800FFE163 /* UIViewAnimationTableCell.swift in Sources */,
				7317E0B01D9E7F3C007A3031 /* AppDelegate.swift in Sources */,
				73257FD41DA50D4600FFE163 /* UIViewAnimationWithTableViewVC.swift in Sources */,
			);
			runOnlyForDeploymentPostprocessing = 0;
		};
		7317E0BC1D9E7F3D007A3031 /* Sources */ = {
			isa = PBXSourcesBuildPhase;
			buildActionMask = 2147483647;
			files = (
				7317E0C51D9E7F3D007A3031 /* playFootBallTests.swift in Sources */,
			);
			runOnlyForDeploymentPostprocessing = 0;
		};
		7317E0C71D9E7F3D007A3031 /* Sources */ = {
			isa = PBXSourcesBuildPhase;
			buildActionMask = 2147483647;
			files = (
				7317E0D01D9E7F3D007A3031 /* playFootBallUITests.swift in Sources */,
			);
			runOnlyForDeploymentPostprocessing = 0;
		};
/* End PBXSourcesBuildPhase section */

/* Begin PBXTargetDependency section */
		7317E0C21D9E7F3D007A3031 /* PBXTargetDependency */ = {
			isa = PBXTargetDependency;
			target = 7317E0AB1D9E7F3C007A3031 /* playFootBall */;
			targetProxy = 7317E0C11D9E7F3D007A3031 /* PBXContainerItemProxy */;
		};
		7317E0CD1D9E7F3D007A3031 /* PBXTargetDependency */ = {
			isa = PBXTargetDependency;
			target = 7317E0AB1D9E7F3C007A3031 /* playFootBall */;
			targetProxy = 7317E0CC1D9E7F3D007A3031 /* PBXContainerItemProxy */;
		};
/* End PBXTargetDependency section */

/* Begin PBXVariantGroup section */
		7317E0B31D9E7F3C007A3031 /* Main.storyboard */ = {
			isa = PBXVariantGroup;
			children = (
				7317E0B41D9E7F3C007A3031 /* Base */,
			);
			name = Main.storyboard;
			sourceTree = "<group>";
		};
		7317E0B81D9E7F3C007A3031 /* LaunchScreen.storyboard */ = {
			isa = PBXVariantGroup;
			children = (
				7317E0B91D9E7F3C007A3031 /* Base */,
			);
			name = LaunchScreen.storyboard;
			sourceTree = "<group>";
		};
/* End PBXVariantGroup section */

/* Begin XCBuildConfiguration section */
		7317E0D21D9E7F3D007A3031 /* Debug */ = {
			isa = XCBuildConfiguration;
			buildSettings = {
				ALWAYS_SEARCH_USER_PATHS = NO;
				CLANG_ANALYZER_NONNULL = YES;
				CLANG_CXX_LANGUAGE_STANDARD = "gnu++0x";
				CLANG_CXX_LIBRARY = "libc++";
				CLANG_ENABLE_MODULES = YES;
				CLANG_ENABLE_OBJC_ARC = YES;
				CLANG_WARN_BOOL_CONVERSION = YES;
				CLANG_WARN_CONSTANT_CONVERSION = YES;
				CLANG_WARN_DIRECT_OBJC_ISA_USAGE = YES_ERROR;
				CLANG_WARN_DOCUMENTATION_COMMENTS = YES;
				CLANG_WARN_EMPTY_BODY = YES;
				CLANG_WARN_ENUM_CONVERSION = YES;
				CLANG_WARN_INFINITE_RECURSION = YES;
				CLANG_WARN_INT_CONVERSION = YES;
				CLANG_WARN_OBJC_ROOT_CLASS = YES_ERROR;
				CLANG_WARN_SUSPICIOUS_MOVES = YES;
				CLANG_WARN_UNREACHABLE_CODE = YES;
				CLANG_WARN__DUPLICATE_METHOD_MATCH = YES;
				"CODE_SIGN_IDENTITY[sdk=iphoneos*]" = "iPhone Developer";
				COPY_PHASE_STRIP = NO;
				DEBUG_INFORMATION_FORMAT = dwarf;
				ENABLE_STRICT_OBJC_MSGSEND = YES;
				ENABLE_TESTABILITY = YES;
				GCC_C_LANGUAGE_STANDARD = gnu99;
				GCC_DYNAMIC_NO_PIC = NO;
				GCC_NO_COMMON_BLOCKS = YES;
				GCC_OPTIMIZATION_LEVEL = 0;
				GCC_PREPROCESSOR_DEFINITIONS = (
					"DEBUG=1",
					"$(inherited)",
				);
				GCC_WARN_64_TO_32_BIT_CONVERSION = YES;
				GCC_WARN_ABOUT_RETURN_TYPE = YES_ERROR;
				GCC_WARN_UNDECLARED_SELECTOR = YES;
				GCC_WARN_UNINITIALIZED_AUTOS = YES_AGGRESSIVE;
				GCC_WARN_UNUSED_FUNCTION = YES;
				GCC_WARN_UNUSED_VARIABLE = YES;
				IPHONEOS_DEPLOYMENT_TARGET = 10.0;
				MTL_ENABLE_DEBUG_INFO = YES;
				ONLY_ACTIVE_ARCH = YES;
				SDKROOT = iphoneos;
				SWIFT_ACTIVE_COMPILATION_CONDITIONS = DEBUG;
				SWIFT_OPTIMIZATION_LEVEL = "-Onone";
			};
			name = Debug;
		};
		7317E0D31D9E7F3D007A3031 /* Release */ = {
			isa = XCBuildConfiguration;
			buildSettings = {
				ALWAYS_SEARCH_USER_PATHS = NO;
				CLANG_ANALYZER_NONNULL = YES;
				CLANG_CXX_LANGUAGE_STANDARD = "gnu++0x";
				CLANG_CXX_LIBRARY = "libc++";
				CLANG_ENABLE_MODULES = YES;
				CLANG_ENABLE_OBJC_ARC = YES;
				CLANG_WARN_BOOL_CONVERSION = YES;
				CLANG_WARN_CONSTANT_CONVERSION = YES;
				CLANG_WARN_DIRECT_OBJC_ISA_USAGE = YES_ERROR;
				CLANG_WARN_DOCUMENTATION_COMMENTS = YES;
				CLANG_WARN_EMPTY_BODY = YES;
				CLANG_WARN_ENUM_CONVERSION = YES;
				CLANG_WARN_INFINITE_RECURSION = YES;
				CLANG_WARN_INT_CONVERSION = YES;
				CLANG_WARN_OBJC_ROOT_CLASS = YES_ERROR;
				CLANG_WARN_SUSPICIOUS_MOVES = YES;
				CLANG_WARN_UNREACHABLE_CODE = YES;
				CLANG_WARN__DUPLICATE_METHOD_MATCH = YES;
				"CODE_SIGN_IDENTITY[sdk=iphoneos*]" = "iPhone Developer";
				COPY_PHASE_STRIP = NO;
				DEBUG_INFORMATION_FORMAT = "dwarf-with-dsym";
				ENABLE_NS_ASSERTIONS = NO;
				ENABLE_STRICT_OBJC_MSGSEND = YES;
				GCC_C_LANGUAGE_STANDARD = gnu99;
				GCC_NO_COMMON_BLOCKS = YES;
				GCC_WARN_64_TO_32_BIT_CONVERSION = YES;
				GCC_WARN_ABOUT_RETURN_TYPE = YES_ERROR;
				GCC_WARN_UNDECLARED_SELECTOR = YES;
				GCC_WARN_UNINITIALIZED_AUTOS = YES_AGGRESSIVE;
				GCC_WARN_UNUSED_FUNCTION = YES;
				GCC_WARN_UNUSED_VARIABLE = YES;
				IPHONEOS_DEPLOYMENT_TARGET = 10.0;
				MTL_ENABLE_DEBUG_INFO = NO;
				SDKROOT = iphoneos;
				SWIFT_OPTIMIZATION_LEVEL = "-Owholemodule";
				VALIDATE_PRODUCT = YES;
			};
			name = Release;
		};
		7317E0D51D9E7F3D007A3031 /* Debug */ = {
			isa = XCBuildConfiguration;
			buildSettings = {
				ASSETCATALOG_COMPILER_APPICON_NAME = AppIcon;
				DEVELOPMENT_TEAM = 47RFJH396J;
				INFOPLIST_FILE = playFootBall/Info.plist;
				IPHONEOS_DEPLOYMENT_TARGET = 8.0;
				LD_RUNPATH_SEARCH_PATHS = "$(inherited) @executable_path/Frameworks";
				PRODUCT_BUNDLE_IDENTIFIER = kloudRac.playFootBall;
				PRODUCT_NAME = "$(TARGET_NAME)";
				SWIFT_VERSION = 3.0;
			};
			name = Debug;
		};
		7317E0D61D9E7F3D007A3031 /* Release */ = {
			isa = XCBuildConfiguration;
			buildSettings = {
				ASSETCATALOG_COMPILER_APPICON_NAME = AppIcon;
				DEVELOPMENT_TEAM = 47RFJH396J;
				INFOPLIST_FILE = playFootBall/Info.plist;
				IPHONEOS_DEPLOYMENT_TARGET = 8.0;
				LD_RUNPATH_SEARCH_PATHS = "$(inherited) @executable_path/Frameworks";
				PRODUCT_BUNDLE_IDENTIFIER = kloudRac.playFootBall;
				PRODUCT_NAME = "$(TARGET_NAME)";
				SWIFT_VERSION = 3.0;
			};
			name = Release;
		};
		7317E0D81D9E7F3D007A3031 /* Debug */ = {
			isa = XCBuildConfiguration;
			buildSettings = {
				ALWAYS_EMBED_SWIFT_STANDARD_LIBRARIES = YES;
				BUNDLE_LOADER = "$(TEST_HOST)";
				DEVELOPMENT_TEAM = 47RFJH396J;
				INFOPLIST_FILE = playFootBallTests/Info.plist;
				LD_RUNPATH_SEARCH_PATHS = "$(inherited) @executable_path/Frameworks @loader_path/Frameworks";
				PRODUCT_BUNDLE_IDENTIFIER = kloudRac.playFootBallTests;
				PRODUCT_NAME = "$(TARGET_NAME)";
				SWIFT_VERSION = 3.0;
				TEST_HOST = "$(BUILT_PRODUCTS_DIR)/playFootBall.app/playFootBall";
			};
			name = Debug;
		};
		7317E0D91D9E7F3D007A3031 /* Release */ = {
			isa = XCBuildConfiguration;
			buildSettings = {
				ALWAYS_EMBED_SWIFT_STANDARD_LIBRARIES = YES;
				BUNDLE_LOADER = "$(TEST_HOST)";
				DEVELOPMENT_TEAM = 47RFJH396J;
				INFOPLIST_FILE = playFootBallTests/Info.plist;
				LD_RUNPATH_SEARCH_PATHS = "$(inherited) @executable_path/Frameworks @loader_path/Frameworks";
				PRODUCT_BUNDLE_IDENTIFIER = kloudRac.playFootBallTests;
				PRODUCT_NAME = "$(TARGET_NAME)";
				SWIFT_VERSION = 3.0;
				TEST_HOST = "$(BUILT_PRODUCTS_DIR)/playFootBall.app/playFootBall";
			};
			name = Release;
		};
		7317E0DB1D9E7F3D007A3031 /* Debug */ = {
			isa = XCBuildConfiguration;
			buildSettings = {
				ALWAYS_EMBED_SWIFT_STANDARD_LIBRARIES = YES;
				DEVELOPMENT_TEAM = 47RFJH396J;
				INFOPLIST_FILE = playFootBallUITests/Info.plist;
				LD_RUNPATH_SEARCH_PATHS = "$(inherited) @executable_path/Frameworks @loader_path/Frameworks";
				PRODUCT_BUNDLE_IDENTIFIER = kloudRac.playFootBallUITests;
				PRODUCT_NAME = "$(TARGET_NAME)";
				SWIFT_VERSION = 3.0;
				TEST_TARGET_NAME = playFootBall;
			};
			name = Debug;
		};
		7317E0DC1D9E7F3D007A3031 /* Release */ = {
			isa = XCBuildConfiguration;
			buildSettings = {
				ALWAYS_EMBED_SWIFT_STANDARD_LIBRARIES = YES;
				DEVELOPMENT_TEAM = 47RFJH396J;
				INFOPLIST_FILE = playFootBallUITests/Info.plist;
				LD_RUNPATH_SEARCH_PATHS = "$(inherited) @executable_path/Frameworks @loader_path/Frameworks";
				PRODUCT_BUNDLE_IDENTIFIER = kloudRac.playFootBallUITests;
				PRODUCT_NAME = "$(TARGET_NAME)";
				SWIFT_VERSION = 3.0;
				TEST_TARGET_NAME = playFootBall;
			};
			name = Release;
		};
/* End XCBuildConfiguration section */

/* Begin XCConfigurationList section */
		7317E0A71D9E7F3C007A3031 /* Build configuration list for PBXProject "playFootBall" */ = {
			isa = XCConfigurationList;
			buildConfigurations = (
				7317E0D21D9E7F3D007A3031 /* Debug */,
				7317E0D31D9E7F3D007A3031 /* Release */,
			);
			defaultConfigurationIsVisible = 0;
			defaultConfigurationName = Release;
		};
		7317E0D41D9E7F3D007A3031 /* Build configuration list for PBXNativeTarget "playFootBall" */ = {
			isa = XCConfigurationList;
			buildConfigurations = (
				7317E0D51D9E7F3D007A3031 /* Debug */,
				7317E0D61D9E7F3D007A3031 /* Release */,
			);
			defaultConfigurationIsVisible = 0;
			defaultConfigurationName = Release;
		};
		7317E0D71D9E7F3D007A3031 /* Build configuration list for PBXNativeTarget "playFootBallTests" */ = {
			isa = XCConfigurationList;
			buildConfigurations = (
				7317E0D81D9E7F3D007A3031 /* Debug */,
				7317E0D91D9E7F3D007A3031 /* Release */,
			);
			defaultConfigurationIsVisible = 0;
			defaultConfigurationName = Release;
		};
		7317E0DA1D9E7F3D007A3031 /* Build configuration list for PBXNativeTarget "playFootBallUITests" */ = {
			isa = XCConfigurationList;
			buildConfigurations = (
				7317E0DB1D9E7F3D007A3031 /* Debug */,
				7317E0DC1D9E7F3D007A3031 /* Release */,
			);
			defaultConfigurationIsVisible = 0;
			defaultConfigurationName = Release;
		};
/* End XCConfigurationList section */
	};
	rootObject = 7317E0A41D9E7F3C007A3031 /* Project object */;
}
